# This file is automatically @generated by Cargo.
# It is not intended for manual editing.
version = 4

[[package]]
name = "open-android-intelligence-call-log"
version = "0.1.0"
dependencies = [
 "open-android-intelligence-sdk",
]

[[package]]
name = "open-android-intelligence-echo"
version = "0.1.0"
dependencies = [
 "open-android-intelligence-sdk",
]

[[package]]
name = "open-android-intelligence-notifications"
version = "0.1.0"
dependencies = [
 "open-android-intelligence-sdk",
]

[[package]]
name = "open-android-intelligence-sdk"
version = "0.1.0"

[[package]]
name = "open-android-intelligence-sms"
version = "0.1.0"
dependencies = [
 "open-android-intelligence-sdk",
]
